
Microsoft Visual Studio Solution File, Format Version 12.00
# Visual Studio Version 16
VisualStudioVersion = 16.0.32228.343
MinimumVisualStudioVersion = 10.0.40219.1
Project("{FAE04EC0-301F-11D3-BF4B-00C04F79EFBC}") = "Project_TAB", "Project_TAB\Project_TAB.csproj", "{20A02732-BD63-4454-8186-E7591EF152E9}"
EndProject
Project("{FAE04EC0-301F-11D3-BF4B-00C04F79EFBC}") = "Backend", "Backend\Backend.csproj", "{81DE0965-AE42-4C29-8C8C-D667BE4E95A0}"
EndProject
Global
	GlobalSection(SolutionConfigurationPlatforms) = preSolution
		Debug|Any CPU = Debug|Any CPU
		Release|Any CPU = Release|Any CPU
	EndGlobalSection
	GlobalSection(ProjectConfigurationPlatforms) = postSolution
		{20A02732-BD63-4454-8186-E7591EF152E9}.Debug|Any CPU.ActiveCfg = Debug|Any CPU
		{20A02732-BD63-4454-8186-E7591EF152E9}.Debug|Any CPU.Build.0 = Debug|Any CPU
		{20A02732-BD63-4454-8186-E7591EF152E9}.Release|Any CPU.ActiveCfg = Release|Any CPU
		{20A02732-BD63-4454-8186-E7591EF152E9}.Release|Any CPU.Build.0 = Release|Any CPU
		{81DE0965-AE42-4C29-8C8C-D667BE4E95A0}.Debug|Any CPU.ActiveCfg = Debug|Any CPU
		{81DE0965-AE42-4C29-8C8C-D667BE4E95A0}.Debug|Any CPU.Build.0 = Debug|Any CPU
		{81DE0965-AE42-4C29-8C8C-D667BE4E95A0}.Release|Any CPU.ActiveCfg = Release|Any CPU
		{81DE0965-AE42-4C29-8C8C-D667BE4E95A0}.Release|Any CPU.Build.0 = Release|Any CPU
	EndGlobalSection
	GlobalSection(SolutionProperties) = preSolution
		HideSolutionNode = FALSE
	EndGlobalSection
	GlobalSection(ExtensibilityGlobals) = postSolution
		SolutionGuid = {565AD2AA-4E20-4395-BB0B-5685B13DF9EF}
	EndGlobalSection
EndGlobal
